
Microsoft Visual Studio Solution File, Format Version 11.00
# Visual Studio 2010
Project("{FAE04EC0-301F-11D3-BF4B-00C04F79EFBC}") = "Flatium 0.1", "Assembly-CSharp.csproj", "{8C812DED-E83E-9AC8-2EA1-B9A6DEB3E691}"
EndProject
Global
	GlobalSection(SolutionConfigurationPlatforms) = preSolution
		Debug|Any CPU = Debug|Any CPU
		Release|Any CPU = Release|Any CPU
	EndGlobalSection
	GlobalSection(ProjectConfigurationPlatforms) = postSolution
		{8C812DED-E83E-9AC8-2EA1-B9A6DEB3E691}.Debug|Any CPU.ActiveCfg = Debug|Any CPU
		{8C812DED-E83E-9AC8-2EA1-B9A6DEB3E691}.Debug|Any CPU.Build.0 = Debug|Any CPU
		{8C812DED-E83E-9AC8-2EA1-B9A6DEB3E691}.Release|Any CPU.ActiveCfg = Release|Any CPU
		{8C812DED-E83E-9AC8-2EA1-B9A6DEB3E691}.Release|Any CPU.Build.0 = Release|Any CPU
	EndGlobalSection
	GlobalSection(SolutionProperties) = preSolution
		HideSolutionNode = FALSE
	EndGlobalSection
	GlobalSection(MonoDevelopProperties) = preSolution
		StartupItem = Assembly-CSharp.csproj
	EndGlobalSection
EndGlobal
